
Microsoft Visual Studio Solution File, Format Version 12.00
# Visual Studio 15
VisualStudioVersion = 15.0.28307.645
MinimumVisualStudioVersion = 10.0.40219.1
Project("{FAE04EC0-301F-11D3-BF4B-00C04F79EFBC}") = "InterruptLoginView", "InterruptLoginView\InterruptLoginView.csproj", "{52327D48-940F-4B0F-BB07-B3AA76E78934}"
EndProject
Project("{FAE04EC0-301F-11D3-BF4B-00C04F79EFBC}") = "TypressPacket", "..\..\..\..\repos\TypressPacket\TypressPacket\TypressPacket.csproj", "{E0139B1F-CCD4-4C16-9738-7923795089C5}"
EndProject
Global
	GlobalSection(SolutionConfigurationPlatforms) = preSolution
		Debug|Any CPU = Debug|Any CPU
		Debug|x64 = Debug|x64
		Release|Any CPU = Release|Any CPU
		Release|x64 = Release|x64
	EndGlobalSection
	GlobalSection(ProjectConfigurationPlatforms) = postSolution
		{52327D48-940F-4B0F-BB07-B3AA76E78934}.Debug|Any CPU.ActiveCfg = Debug|Any CPU
		{52327D48-940F-4B0F-BB07-B3AA76E78934}.Debug|Any CPU.Build.0 = Debug|Any CPU
		{52327D48-940F-4B0F-BB07-B3AA76E78934}.Debug|x64.ActiveCfg = Debug|x64
		{52327D48-940F-4B0F-BB07-B3AA76E78934}.Debug|x64.Build.0 = Debug|x64
		{52327D48-940F-4B0F-BB07-B3AA76E78934}.Release|Any CPU.ActiveCfg = Release|Any CPU
		{52327D48-940F-4B0F-BB07-B3AA76E78934}.Release|Any CPU.Build.0 = Release|Any CPU
		{52327D48-940F-4B0F-BB07-B3AA76E78934}.Release|x64.ActiveCfg = Release|x64
		{52327D48-940F-4B0F-BB07-B3AA76E78934}.Release|x64.Build.0 = Release|x64
		{E0139B1F-CCD4-4C16-9738-7923795089C5}.Debug|Any CPU.ActiveCfg = Debug|Any CPU
		{E0139B1F-CCD4-4C16-9738-7923795089C5}.Debug|Any CPU.Build.0 = Debug|Any CPU
		{E0139B1F-CCD4-4C16-9738-7923795089C5}.Debug|x64.ActiveCfg = Debug|Any CPU
		{E0139B1F-CCD4-4C16-9738-7923795089C5}.Debug|x64.Build.0 = Debug|Any CPU
		{E0139B1F-CCD4-4C16-9738-7923795089C5}.Release|Any CPU.ActiveCfg = Release|Any CPU
		{E0139B1F-CCD4-4C16-9738-7923795089C5}.Release|Any CPU.Build.0 = Release|Any CPU
		{E0139B1F-CCD4-4C16-9738-7923795089C5}.Release|x64.ActiveCfg = Release|Any CPU
		{E0139B1F-CCD4-4C16-9738-7923795089C5}.Release|x64.Build.0 = Release|Any CPU
	EndGlobalSection
	GlobalSection(SolutionProperties) = preSolution
		HideSolutionNode = FALSE
	EndGlobalSection
	GlobalSection(ExtensibilityGlobals) = postSolution
		SolutionGuid = {50BE4416-FB11-4F63-9CB0-5F4536AB52C5}
	EndGlobalSection
EndGlobal
